
Microsoft Visual Studio Solution File, Format Version 12.00
# Visual Studio Version 17
VisualStudioVersion = 17.10.35013.160
MinimumVisualStudioVersion = 10.0.40219.1
Project("{FAE04EC0-301F-11D3-BF4B-00C04F79EFBC}") = "ProjectStore", "ProjectStore\ProjectStore.csproj", "{21491F63-1872-4529-88A3-60DF77BFDF33}"
EndProject
Global
	GlobalSection(SolutionConfigurationPlatforms) = preSolution
		Debug|Any CPU = Debug|Any CPU
		Release|Any CPU = Release|Any CPU
	EndGlobalSection
	GlobalSection(ProjectConfigurationPlatforms) = postSolution
		{21491F63-1872-4529-88A3-60DF77BFDF33}.Debug|Any CPU.ActiveCfg = Debug|Any CPU
		{21491F63-1872-4529-88A3-60DF77BFDF33}.Debug|Any CPU.Build.0 = Debug|Any CPU
		{21491F63-1872-4529-88A3-60DF77BFDF33}.Release|Any CPU.ActiveCfg = Release|Any CPU
		{21491F63-1872-4529-88A3-60DF77BFDF33}.Release|Any CPU.Build.0 = Release|Any CPU
	EndGlobalSection
	GlobalSection(SolutionProperties) = preSolution
		HideSolutionNode = FALSE
	EndGlobalSection
	GlobalSection(ExtensibilityGlobals) = postSolution
		SolutionGuid = {AE267B51-4609-4B49-9A2F-17C1C3F3B5BA}
	EndGlobalSection
EndGlobal
